
Microsoft Visual Studio Solution File, Format Version 12.00
# Visual Studio Version 16
VisualStudioVersion = 16.0.810.5
MinimumVisualStudioVersion = 10.0.40219.1
Project("{FAE04EC0-301F-11D3-BF4B-00C04F79EFBC}") = "FormsArchitecture.Android", "FormsArchitecture.Android\FormsArchitecture.Android.csproj", "{C7E34642-BCC1-4675-866A-B7CB7D46C792}"
EndProject
Project("{FAE04EC0-301F-11D3-BF4B-00C04F79EFBC}") = "FormsArchitecture.iOS", "FormsArchitecture.iOS\FormsArchitecture.iOS.csproj", "{A7006552-75EB-4BA0-A343-E96BB555AF9D}"
EndProject
Project("{9A19103F-16F7-4668-BE54-9A1E7A4F7556}") = "FormsArchitecture", "FormsArchitecture\FormsArchitecture.csproj", "{C9A11812-C28B-4E5F-BD92-5C427FE0E7BE}"
EndProject
Project("{2150E333-8FDC-42A3-9474-1A3956D46DE8}") = "App", "App", "{29694FBB-3845-44D9-B534-CDDC1F945161}"
EndProject
Project("{2150E333-8FDC-42A3-9474-1A3956D46DE8}") = "Shared", "Shared", "{A0B17B66-A69E-4DCD-B8A5-14725D375080}"
EndProject
Project("{9A19103F-16F7-4668-BE54-9A1E7A4F7556}") = "FormsArchitecture.Shared.Fonts", "FormsArchitecture.Shared.Fonts\FormsArchitecture.Shared.Fonts.csproj", "{6FBEEB4D-7AFB-4827-85B7-E9C49031D402}"
EndProject
Project("{2150E333-8FDC-42A3-9474-1A3956D46DE8}") = "Test", "Test", "{3615FFDE-92CE-43AA-8CBD-4CB086B1C838}"
EndProject
Project("{2150E333-8FDC-42A3-9474-1A3956D46DE8}") = "Backend", "Backend", "{E8D0648C-78E6-433A-B46A-301A37766A07}"
EndProject
Project("{9A19103F-16F7-4668-BE54-9A1E7A4F7556}") = "FormsArchitecture.Service", "FormsArchitecture.Service\FormsArchitecture.Service.csproj", "{265B0F4C-CE86-44D5-B642-EBC4D399B4C5}"
EndProject
Project("{2150E333-8FDC-42A3-9474-1A3956D46DE8}") = "Data", "Data", "{7C8B852E-98D9-42D6-8981-25C963316EFC}"
EndProject
Project("{9A19103F-16F7-4668-BE54-9A1E7A4F7556}") = "FormsArchitecture.Data.gRPCClient", "FormsArchitecture.Data.gRPCClient\FormsArchitecture.Data.gRPCClient.csproj", "{7E398360-22B5-4878-AF40-5C76D99CF4BC}"
EndProject
Project("{9A19103F-16F7-4668-BE54-9A1E7A4F7556}") = "FormsArchitecture.Data.ApiClient", "FormsArchitecture.Data.ApiClient\FormsArchitecture.Data.ApiClient.csproj", "{91AFBF0B-71F6-4DB5-BBD1-EF8124F6FB1E}"
EndProject
Project("{2150E333-8FDC-42A3-9474-1A3956D46DE8}") = "FrontEnd", "FrontEnd", "{CEA68C99-924D-4F09-9D36-4162005A54F9}"
EndProject
Project("{2150E333-8FDC-42A3-9474-1A3956D46DE8}") = "Shared", "Shared", "{B2B9DD58-6D5C-4DEE-B6CE-9A879106AC88}"
EndProject
Project("{9A19103F-16F7-4668-BE54-9A1E7A4F7556}") = "XamarinFormsArchitecture.Shared.Core", "XamarinFormsArchitecture.Shared.Core\XamarinFormsArchitecture.Shared.Core.csproj", "{B5F2CEA6-BF1B-4C8D-8B2E-AFC48D92E72A}"
EndProject
Project("{9A19103F-16F7-4668-BE54-9A1E7A4F7556}") = "XamarinFormsArchitecture.Data.Repository", "XamarinFormsArchitecture.Data.Repository\XamarinFormsArchitecture.Data.Repository.csproj", "{A1A2A032-C355-47DC-B89E-9BDD961E2F02}"
EndProject
Project("{9A19103F-16F7-4668-BE54-9A1E7A4F7556}") = "FormsArchitecture.Shared.gRPC", "FormsArchitecture.Shared.gRPC\FormsArchitecture.Shared.gRPC.csproj", "{CAD5ADBE-9AE6-4769-B9A9-2BDE46EF2B22}"
EndProject
Project("{FAE04EC0-301F-11D3-BF4B-00C04F79EFBC}") = "FormsArchitecture.MacOS", "FormsArchitecture.MacOS\FormsArchitecture.MacOS.csproj", "{476A61EF-4B72-4F07-96C2-89D6E4013E8D}"
EndProject
Global
	GlobalSection(SolutionConfigurationPlatforms) = preSolution
		Debug|Any CPU = Debug|Any CPU
		Debug|ARM = Debug|ARM
		Debug|ARM64 = Debug|ARM64
		Debug|iPhone = Debug|iPhone
		Debug|iPhoneSimulator = Debug|iPhoneSimulator
		Debug|x64 = Debug|x64
		Debug|x86 = Debug|x86
		Release|Any CPU = Release|Any CPU
		Release|ARM = Release|ARM
		Release|ARM64 = Release|ARM64
		Release|iPhone = Release|iPhone
		Release|iPhoneSimulator = Release|iPhoneSimulator
		Release|x64 = Release|x64
		Release|x86 = Release|x86
	EndGlobalSection
	GlobalSection(ProjectConfigurationPlatforms) = postSolution
		{C7E34642-BCC1-4675-866A-B7CB7D46C792}.Debug|Any CPU.ActiveCfg = Debug|Any CPU
		{C7E34642-BCC1-4675-866A-B7CB7D46C792}.Debug|Any CPU.Build.0 = Debug|Any CPU
		{C7E34642-BCC1-4675-866A-B7CB7D46C792}.Debug|Any CPU.Deploy.0 = Debug|Any CPU
		{C7E34642-BCC1-4675-866A-B7CB7D46C792}.Debug|ARM.ActiveCfg = Debug|Any CPU
		{C7E34642-BCC1-4675-866A-B7CB7D46C792}.Debug|ARM.Build.0 = Debug|Any CPU
		{C7E34642-BCC1-4675-866A-B7CB7D46C792}.Debug|ARM.Deploy.0 = Debug|Any CPU
		{C7E34642-BCC1-4675-866A-B7CB7D46C792}.Debug|ARM64.ActiveCfg = Debug|Any CPU
		{C7E34642-BCC1-4675-866A-B7CB7D46C792}.Debug|ARM64.Build.0 = Debug|Any CPU
		{C7E34642-BCC1-4675-866A-B7CB7D46C792}.Debug|ARM64.Deploy.0 = Debug|Any CPU
		{C7E34642-BCC1-4675-866A-B7CB7D46C792}.Debug|iPhone.ActiveCfg = Debug|Any CPU
		{C7E34642-BCC1-4675-866A-B7CB7D46C792}.Debug|iPhone.Build.0 = Debug|Any CPU
		{C7E34642-BCC1-4675-866A-B7CB7D46C792}.Debug|iPhoneSimulator.ActiveCfg = Debug|Any CPU
		{C7E34642-BCC1-4675-866A-B7CB7D46C792}.Debug|iPhoneSimulator.Build.0 = Debug|Any CPU
		{C7E34642-BCC1-4675-866A-B7CB7D46C792}.Debug|x64.ActiveCfg = Debug|Any CPU
		{C7E34642-BCC1-4675-866A-B7CB7D46C792}.Debug|x64.Build.0 = Debug|Any CPU
		{C7E34642-BCC1-4675-866A-B7CB7D46C792}.Debug|x64.Deploy.0 = Debug|Any CPU
		{C7E34642-BCC1-4675-866A-B7CB7D46C792}.Debug|x86.ActiveCfg = Debug|Any CPU
		{C7E34642-BCC1-4675-866A-B7CB7D46C792}.Debug|x86.Build.0 = Debug|Any CPU
		{C7E34642-BCC1-4675-866A-B7CB7D46C792}.Debug|x86.Deploy.0 = Debug|Any CPU
		{C7E34642-BCC1-4675-866A-B7CB7D46C792}.Release|Any CPU.ActiveCfg = Release|Any CPU
		{C7E34642-BCC1-4675-866A-B7CB7D46C792}.Release|Any CPU.Build.0 = Release|Any CPU
		{C7E34642-BCC1-4675-866A-B7CB7D46C792}.Release|Any CPU.Deploy.0 = Release|Any CPU
		{C7E34642-BCC1-4675-866A-B7CB7D46C792}.Release|ARM.ActiveCfg = Release|Any CPU
		{C7E34642-BCC1-4675-866A-B7CB7D46C792}.Release|ARM.Build.0 = Release|Any CPU
		{C7E34642-BCC1-4675-866A-B7CB7D46C792}.Release|ARM.Deploy.0 = Release|Any CPU
		{C7E34642-BCC1-4675-866A-B7CB7D46C792}.Release|ARM64.ActiveCfg = Release|Any CPU
		{C7E34642-BCC1-4675-866A-B7CB7D46C792}.Release|ARM64.Build.0 = Release|Any CPU
		{C7E34642-BCC1-4675-866A-B7CB7D46C792}.Release|ARM64.Deploy.0 = Release|Any CPU
		{C7E34642-BCC1-4675-866A-B7CB7D46C792}.Release|iPhone.ActiveCfg = Release|Any CPU
		{C7E34642-BCC1-4675-866A-B7CB7D46C792}.Release|iPhone.Build.0 = Release|Any CPU
		{C7E34642-BCC1-4675-866A-B7CB7D46C792}.Release|iPhoneSimulator.ActiveCfg = Release|Any CPU
		{C7E34642-BCC1-4675-866A-B7CB7D46C792}.Release|iPhoneSimulator.Build.0 = Release|Any CPU
		{C7E34642-BCC1-4675-866A-B7CB7D46C792}.Release|x64.ActiveCfg = Release|Any CPU
		{C7E34642-BCC1-4675-866A-B7CB7D46C792}.Release|x64.Build.0 = Release|Any CPU
		{C7E34642-BCC1-4675-866A-B7CB7D46C792}.Release|x64.Deploy.0 = Release|Any CPU
		{C7E34642-BCC1-4675-866A-B7CB7D46C792}.Release|x86.ActiveCfg = Release|Any CPU
		{C7E34642-BCC1-4675-866A-B7CB7D46C792}.Release|x86.Build.0 = Release|Any CPU
		{C7E34642-BCC1-4675-866A-B7CB7D46C792}.Release|x86.Deploy.0 = Release|Any CPU
		{A7006552-75EB-4BA0-A343-E96BB555AF9D}.Debug|Any CPU.ActiveCfg = Debug|iPhoneSimulator
		{A7006552-75EB-4BA0-A343-E96BB555AF9D}.Debug|Any CPU.Build.0 = Debug|iPhoneSimulator
		{A7006552-75EB-4BA0-A343-E96BB555AF9D}.Debug|ARM.ActiveCfg = Debug|iPhone
		{A7006552-75EB-4BA0-A343-E96BB555AF9D}.Debug|ARM64.ActiveCfg = Debug|iPhone
		{A7006552-75EB-4BA0-A343-E96BB555AF9D}.Debug|iPhone.ActiveCfg = Debug|iPhone
		{A7006552-75EB-4BA0-A343-E96BB555AF9D}.Debug|iPhone.Build.0 = Debug|iPhone
		{A7006552-75EB-4BA0-A343-E96BB555AF9D}.Debug|iPhoneSimulator.ActiveCfg = Debug|iPhoneSimulator
		{A7006552-75EB-4BA0-A343-E96BB555AF9D}.Debug|iPhoneSimulator.Build.0 = Debug|iPhoneSimulator
		{A7006552-75EB-4BA0-A343-E96BB555AF9D}.Debug|x64.ActiveCfg = Debug|iPhone
		{A7006552-75EB-4BA0-A343-E96BB555AF9D}.Debug|x86.ActiveCfg = Debug|iPhone
		{A7006552-75EB-4BA0-A343-E96BB555AF9D}.Release|Any CPU.ActiveCfg = Release|iPhoneSimulator
		{A7006552-75EB-4BA0-A343-E96BB555AF9D}.Release|Any CPU.Build.0 = Release|iPhoneSimulator
		{A7006552-75EB-4BA0-A343-E96BB555AF9D}.Release|ARM.ActiveCfg = Release|iPhone
		{A7006552-75EB-4BA0-A343-E96BB555AF9D}.Release|ARM64.ActiveCfg = Release|iPhone
		{A7006552-75EB-4BA0-A343-E96BB555AF9D}.Release|iPhone.ActiveCfg = Release|iPhone
		{A7006552-75EB-4BA0-A343-E96BB555AF9D}.Release|iPhone.Build.0 = Release|iPhone
		{A7006552-75EB-4BA0-A343-E96BB555AF9D}.Release|iPhoneSimulator.ActiveCfg = Release|iPhoneSimulator
		{A7006552-75EB-4BA0-A343-E96BB555AF9D}.Release|iPhoneSimulator.Build.0 = Release|iPhoneSimulator
		{A7006552-75EB-4BA0-A343-E96BB555AF9D}.Release|x64.ActiveCfg = Release|iPhone
		{A7006552-75EB-4BA0-A343-E96BB555AF9D}.Release|x86.ActiveCfg = Release|iPhone
		{C9A11812-C28B-4E5F-BD92-5C427FE0E7BE}.Debug|Any CPU.ActiveCfg = Debug|Any CPU
		{C9A11812-C28B-4E5F-BD92-5C427FE0E7BE}.Debug|Any CPU.Build.0 = Debug|Any CPU
		{C9A11812-C28B-4E5F-BD92-5C427FE0E7BE}.Debug|ARM.ActiveCfg = Debug|Any CPU
		{C9A11812-C28B-4E5F-BD92-5C427FE0E7BE}.Debug|ARM.Build.0 = Debug|Any CPU
		{C9A11812-C28B-4E5F-BD92-5C427FE0E7BE}.Debug|ARM64.ActiveCfg = Debug|Any CPU
		{C9A11812-C28B-4E5F-BD92-5C427FE0E7BE}.Debug|ARM64.Build.0 = Debug|Any CPU
		{C9A11812-C28B-4E5F-BD92-5C427FE0E7BE}.Debug|iPhone.ActiveCfg = Debug|Any CPU
		{C9A11812-C28B-4E5F-BD92-5C427FE0E7BE}.Debug|iPhone.Build.0 = Debug|Any CPU
		{C9A11812-C28B-4E5F-BD92-5C427FE0E7BE}.Debug|iPhoneSimulator.ActiveCfg = Debug|Any CPU
		{C9A11812-C28B-4E5F-BD92-5C427FE0E7BE}.Debug|iPhoneSimulator.Build.0 = Debug|Any CPU
		{C9A11812-C28B-4E5F-BD92-5C427FE0E7BE}.Debug|x64.ActiveCfg = Debug|Any CPU
		{C9A11812-C28B-4E5F-BD92-5C427FE0E7BE}.Debug|x64.Build.0 = Debug|Any CPU
		{C9A11812-C28B-4E5F-BD92-5C427FE0E7BE}.Debug|x86.ActiveCfg = Debug|Any CPU
		{C9A11812-C28B-4E5F-BD92-5C427FE0E7BE}.Debug|x86.Build.0 = Debug|Any CPU
		{C9A11812-C28B-4E5F-BD92-5C427FE0E7BE}.Release|Any CPU.ActiveCfg = Release|Any CPU
		{C9A11812-C28B-4E5F-BD92-5C427FE0E7BE}.Release|Any CPU.Build.0 = Release|Any CPU
		{C9A11812-C28B-4E5F-BD92-5C427FE0E7BE}.Release|ARM.ActiveCfg = Release|Any CPU
		{C9A11812-C28B-4E5F-BD92-5C427FE0E7BE}.Release|ARM.Build.0 = Release|Any CPU
		{C9A11812-C28B-4E5F-BD92-5C427FE0E7BE}.Release|ARM64.ActiveCfg = Release|Any CPU
		{C9A11812-C28B-4E5F-BD92-5C427FE0E7BE}.Release|ARM64.Build.0 = Release|Any CPU
		{C9A11812-C28B-4E5F-BD92-5C427FE0E7BE}.Release|iPhone.ActiveCfg = Release|Any CPU
		{C9A11812-C28B-4E5F-BD92-5C427FE0E7BE}.Release|iPhone.Build.0 = Release|Any CPU
		{C9A11812-C28B-4E5F-BD92-5C427FE0E7BE}.Release|iPhoneSimulator.ActiveCfg = Release|Any CPU
		{C9A11812-C28B-4E5F-BD92-5C427FE0E7BE}.Release|iPhoneSimulator.Build.0 = Release|Any CPU
		{C9A11812-C28B-4E5F-BD92-5C427FE0E7BE}.Release|x64.ActiveCfg = Release|Any CPU
		{C9A11812-C28B-4E5F-BD92-5C427FE0E7BE}.Release|x64.Build.0 = Release|Any CPU
		{C9A11812-C28B-4E5F-BD92-5C427FE0E7BE}.Release|x86.ActiveCfg = Release|Any CPU
		{C9A11812-C28B-4E5F-BD92-5C427FE0E7BE}.Release|x86.Build.0 = Release|Any CPU
		{6FBEEB4D-7AFB-4827-85B7-E9C49031D402}.Debug|Any CPU.ActiveCfg = Debug|Any CPU
		{6FBEEB4D-7AFB-4827-85B7-E9C49031D402}.Debug|Any CPU.Build.0 = Debug|Any CPU
		{6FBEEB4D-7AFB-4827-85B7-E9C49031D402}.Debug|ARM.ActiveCfg = Debug|Any CPU
		{6FBEEB4D-7AFB-4827-85B7-E9C49031D402}.Debug|ARM.Build.0 = Debug|Any CPU
		{6FBEEB4D-7AFB-4827-85B7-E9C49031D402}.Debug|ARM64.ActiveCfg = Debug|Any CPU
		{6FBEEB4D-7AFB-4827-85B7-E9C49031D402}.Debug|ARM64.Build.0 = Debug|Any CPU
		{6FBEEB4D-7AFB-4827-85B7-E9C49031D402}.Debug|iPhone.ActiveCfg = Debug|Any CPU
		{6FBEEB4D-7AFB-4827-85B7-E9C49031D402}.Debug|iPhone.Build.0 = Debug|Any CPU
		{6FBEEB4D-7AFB-4827-85B7-E9C49031D402}.Debug|iPhoneSimulator.ActiveCfg = Debug|Any CPU
		{6FBEEB4D-7AFB-4827-85B7-E9C49031D402}.Debug|iPhoneSimulator.Build.0 = Debug|Any CPU
		{6FBEEB4D-7AFB-4827-85B7-E9C49031D402}.Debug|x64.ActiveCfg = Debug|Any CPU
		{6FBEEB4D-7AFB-4827-85B7-E9C49031D402}.Debug|x64.Build.0 = Debug|Any CPU
		{6FBEEB4D-7AFB-4827-85B7-E9C49031D402}.Debug|x86.ActiveCfg = Debug|Any CPU
		{6FBEEB4D-7AFB-4827-85B7-E9C49031D402}.Debug|x86.Build.0 = Debug|Any CPU
		{6FBEEB4D-7AFB-4827-85B7-E9C49031D402}.Release|Any CPU.ActiveCfg = Release|Any CPU
		{6FBEEB4D-7AFB-4827-85B7-E9C49031D402}.Release|Any CPU.Build.0 = Release|Any CPU
		{6FBEEB4D-7AFB-4827-85B7-E9C49031D402}.Release|ARM.ActiveCfg = Release|Any CPU
		{6FBEEB4D-7AFB-4827-85B7-E9C49031D402}.Release|ARM.Build.0 = Release|Any CPU
		{6FBEEB4D-7AFB-4827-85B7-E9C49031D402}.Release|ARM64.ActiveCfg = Release|Any CPU
		{6FBEEB4D-7AFB-4827-85B7-E9C49031D402}.Release|ARM64.Build.0 = Release|Any CPU
		{6FBEEB4D-7AFB-4827-85B7-E9C49031D402}.Release|iPhone.ActiveCfg = Release|Any CPU
		{6FBEEB4D-7AFB-4827-85B7-E9C49031D402}.Release|iPhone.Build.0 = Release|Any CPU
		{6FBEEB4D-7AFB-4827-85B7-E9C49031D402}.Release|iPhoneSimulator.ActiveCfg = Release|Any CPU
		{6FBEEB4D-7AFB-4827-85B7-E9C49031D402}.Release|iPhoneSimulator.Build.0 = Release|Any CPU
		{6FBEEB4D-7AFB-4827-85B7-E9C49031D402}.Release|x64.ActiveCfg = Release|Any CPU
		{6FBEEB4D-7AFB-4827-85B7-E9C49031D402}.Release|x64.Build.0 = Release|Any CPU
		{6FBEEB4D-7AFB-4827-85B7-E9C49031D402}.Release|x86.ActiveCfg = Release|Any CPU
		{6FBEEB4D-7AFB-4827-85B7-E9C49031D402}.Release|x86.Build.0 = Release|Any CPU
		{265B0F4C-CE86-44D5-B642-EBC4D399B4C5}.Debug|Any CPU.ActiveCfg = Debug|Any CPU
		{265B0F4C-CE86-44D5-B642-EBC4D399B4C5}.Debug|Any CPU.Build.0 = Debug|Any CPU
		{265B0F4C-CE86-44D5-B642-EBC4D399B4C5}.Debug|ARM.ActiveCfg = Debug|Any CPU
		{265B0F4C-CE86-44D5-B642-EBC4D399B4C5}.Debug|ARM.Build.0 = Debug|Any CPU
		{265B0F4C-CE86-44D5-B642-EBC4D399B4C5}.Debug|ARM64.ActiveCfg = Debug|Any CPU
		{265B0F4C-CE86-44D5-B642-EBC4D399B4C5}.Debug|ARM64.Build.0 = Debug|Any CPU
		{265B0F4C-CE86-44D5-B642-EBC4D399B4C5}.Debug|iPhone.ActiveCfg = Debug|Any CPU
		{265B0F4C-CE86-44D5-B642-EBC4D399B4C5}.Debug|iPhone.Build.0 = Debug|Any CPU
		{265B0F4C-CE86-44D5-B642-EBC4D399B4C5}.Debug|iPhoneSimulator.ActiveCfg = Debug|Any CPU
		{265B0F4C-CE86-44D5-B642-EBC4D399B4C5}.Debug|iPhoneSimulator.Build.0 = Debug|Any CPU
		{265B0F4C-CE86-44D5-B642-EBC4D399B4C5}.Debug|x64.ActiveCfg = Debug|Any CPU
		{265B0F4C-CE86-44D5-B642-EBC4D399B4C5}.Debug|x64.Build.0 = Debug|Any CPU
		{265B0F4C-CE86-44D5-B642-EBC4D399B4C5}.Debug|x86.ActiveCfg = Debug|Any CPU
		{265B0F4C-CE86-44D5-B642-EBC4D399B4C5}.Debug|x86.Build.0 = Debug|Any CPU
		{265B0F4C-CE86-44D5-B642-EBC4D399B4C5}.Release|Any CPU.ActiveCfg = Release|Any CPU
		{265B0F4C-CE86-44D5-B642-EBC4D399B4C5}.Release|Any CPU.Build.0 = Release|Any CPU
		{265B0F4C-CE86-44D5-B642-EBC4D399B4C5}.Release|ARM.ActiveCfg = Release|Any CPU
		{265B0F4C-CE86-44D5-B642-EBC4D399B4C5}.Release|ARM.Build.0 = Release|Any CPU
		{265B0F4C-CE86-44D5-B642-EBC4D399B4C5}.Release|ARM64.ActiveCfg = Release|Any CPU
		{265B0F4C-CE86-44D5-B642-EBC4D399B4C5}.Release|ARM64.Build.0 = Release|Any CPU
		{265B0F4C-CE86-44D5-B642-EBC4D399B4C5}.Release|iPhone.ActiveCfg = Release|Any CPU
		{265B0F4C-CE86-44D5-B642-EBC4D399B4C5}.Release|iPhone.Build.0 = Release|Any CPU
		{265B0F4C-CE86-44D5-B642-EBC4D399B4C5}.Release|iPhoneSimulator.ActiveCfg = Release|Any CPU
		{265B0F4C-CE86-44D5-B642-EBC4D399B4C5}.Release|iPhoneSimulator.Build.0 = Release|Any CPU
		{265B0F4C-CE86-44D5-B642-EBC4D399B4C5}.Release|x64.ActiveCfg = Release|Any CPU
		{265B0F4C-CE86-44D5-B642-EBC4D399B4C5}.Release|x64.Build.0 = Release|Any CPU
		{265B0F4C-CE86-44D5-B642-EBC4D399B4C5}.Release|x86.ActiveCfg = Release|Any CPU
		{265B0F4C-CE86-44D5-B642-EBC4D399B4C5}.Release|x86.Build.0 = Release|Any CPU
		{7E398360-22B5-4878-AF40-5C76D99CF4BC}.Debug|Any CPU.ActiveCfg = Debug|Any CPU
		{7E398360-22B5-4878-AF40-5C76D99CF4BC}.Debug|Any CPU.Build.0 = Debug|Any CPU
		{7E398360-22B5-4878-AF40-5C76D99CF4BC}.Debug|ARM.ActiveCfg = Debug|Any CPU
		{7E398360-22B5-4878-AF40-5C76D99CF4BC}.Debug|ARM.Build.0 = Debug|Any CPU
		{7E398360-22B5-4878-AF40-5C76D99CF4BC}.Debug|ARM64.ActiveCfg = Debug|Any CPU
		{7E398360-22B5-4878-AF40-5C76D99CF4BC}.Debug|ARM64.Build.0 = Debug|Any CPU
		{7E398360-22B5-4878-AF40-5C76D99CF4BC}.Debug|iPhone.ActiveCfg = Debug|Any CPU
		{7E398360-22B5-4878-AF40-5C76D99CF4BC}.Debug|iPhone.Build.0 = Debug|Any CPU
		{7E398360-22B5-4878-AF40-5C76D99CF4BC}.Debug|iPhoneSimulator.ActiveCfg = Debug|Any CPU
		{7E398360-22B5-4878-AF40-5C76D99CF4BC}.Debug|iPhoneSimulator.Build.0 = Debug|Any CPU
		{7E398360-22B5-4878-AF40-5C76D99CF4BC}.Debug|x64.ActiveCfg = Debug|Any CPU
		{7E398360-22B5-4878-AF40-5C76D99CF4BC}.Debug|x64.Build.0 = Debug|Any CPU
		{7E398360-22B5-4878-AF40-5C76D99CF4BC}.Debug|x86.ActiveCfg = Debug|Any CPU
		{7E398360-22B5-4878-AF40-5C76D99CF4BC}.Debug|x86.Build.0 = Debug|Any CPU
		{7E398360-22B5-4878-AF40-5C76D99CF4BC}.Release|Any CPU.ActiveCfg = Release|Any CPU
		{7E398360-22B5-4878-AF40-5C76D99CF4BC}.Release|Any CPU.Build.0 = Release|Any CPU
		{7E398360-22B5-4878-AF40-5C76D99CF4BC}.Release|ARM.ActiveCfg = Release|Any CPU
		{7E398360-22B5-4878-AF40-5C76D99CF4BC}.Release|ARM.Build.0 = Release|Any CPU
		{7E398360-22B5-4878-AF40-5C76D99CF4BC}.Release|ARM64.ActiveCfg = Release|Any CPU
		{7E398360-22B5-4878-AF40-5C76D99CF4BC}.Release|ARM64.Build.0 = Release|Any CPU
		{7E398360-22B5-4878-AF40-5C76D99CF4BC}.Release|iPhone.ActiveCfg = Release|Any CPU
		{7E398360-22B5-4878-AF40-5C76D99CF4BC}.Release|iPhone.Build.0 = Release|Any CPU
		{7E398360-22B5-4878-AF40-5C76D99CF4BC}.Release|iPhoneSimulator.ActiveCfg = Release|Any CPU
		{7E398360-22B5-4878-AF40-5C76D99CF4BC}.Release|iPhoneSimulator.Build.0 = Release|Any CPU
		{7E398360-22B5-4878-AF40-5C76D99CF4BC}.Release|x64.ActiveCfg = Release|Any CPU
		{7E398360-22B5-4878-AF40-5C76D99CF4BC}.Release|x64.Build.0 = Release|Any CPU
		{7E398360-22B5-4878-AF40-5C76D99CF4BC}.Release|x86.ActiveCfg = Release|Any CPU
		{7E398360-22B5-4878-AF40-5C76D99CF4BC}.Release|x86.Build.0 = Release|Any CPU
		{91AFBF0B-71F6-4DB5-BBD1-EF8124F6FB1E}.Debug|Any CPU.ActiveCfg = Debug|Any CPU
		{91AFBF0B-71F6-4DB5-BBD1-EF8124F6FB1E}.Debug|Any CPU.Build.0 = Debug|Any CPU
		{91AFBF0B-71F6-4DB5-BBD1-EF8124F6FB1E}.Debug|ARM.ActiveCfg = Debug|Any CPU
		{91AFBF0B-71F6-4DB5-BBD1-EF8124F6FB1E}.Debug|ARM.Build.0 = Debug|Any CPU
		{91AFBF0B-71F6-4DB5-BBD1-EF8124F6FB1E}.Debug|ARM64.ActiveCfg = Debug|Any CPU
		{91AFBF0B-71F6-4DB5-BBD1-EF8124F6FB1E}.Debug|ARM64.Build.0 = Debug|Any CPU
		{91AFBF0B-71F6-4DB5-BBD1-EF8124F6FB1E}.Debug|iPhone.ActiveCfg = Debug|Any CPU
		{91AFBF0B-71F6-4DB5-BBD1-EF8124F6FB1E}.Debug|iPhone.Build.0 = Debug|Any CPU
		{91AFBF0B-71F6-4DB5-BBD1-EF8124F6FB1E}.Debug|iPhoneSimulator.ActiveCfg = Debug|Any CPU
		{91AFBF0B-71F6-4DB5-BBD1-EF8124F6FB1E}.Debug|iPhoneSimulator.Build.0 = Debug|Any CPU
		{91AFBF0B-71F6-4DB5-BBD1-EF8124F6FB1E}.Debug|x64.ActiveCfg = Debug|Any CPU
		{91AFBF0B-71F6-4DB5-BBD1-EF8124F6FB1E}.Debug|x64.Build.0 = Debug|Any CPU
		{91AFBF0B-71F6-4DB5-BBD1-EF8124F6FB1E}.Debug|x86.ActiveCfg = Debug|Any CPU
		{91AFBF0B-71F6-4DB5-BBD1-EF8124F6FB1E}.Debug|x86.Build.0 = Debug|Any CPU
		{91AFBF0B-71F6-4DB5-BBD1-EF8124F6FB1E}.Release|Any CPU.ActiveCfg = Release|Any CPU
		{91AFBF0B-71F6-4DB5-BBD1-EF8124F6FB1E}.Release|Any CPU.Build.0 = Release|Any CPU
		{91AFBF0B-71F6-4DB5-BBD1-EF8124F6FB1E}.Release|ARM.ActiveCfg = Release|Any CPU
		{91AFBF0B-71F6-4DB5-BBD1-EF8124F6FB1E}.Release|ARM.Build.0 = Release|Any CPU
		{91AFBF0B-71F6-4DB5-BBD1-EF8124F6FB1E}.Release|ARM64.ActiveCfg = Release|Any CPU
		{91AFBF0B-71F6-4DB5-BBD1-EF8124F6FB1E}.Release|ARM64.Build.0 = Release|Any CPU
		{91AFBF0B-71F6-4DB5-BBD1-EF8124F6FB1E}.Release|iPhone.ActiveCfg = Release|Any CPU
		{91AFBF0B-71F6-4DB5-BBD1-EF8124F6FB1E}.Release|iPhone.Build.0 = Release|Any CPU
		{91AFBF0B-71F6-4DB5-BBD1-EF8124F6FB1E}.Release|iPhoneSimulator.ActiveCfg = Release|Any CPU
		{91AFBF0B-71F6-4DB5-BBD1-EF8124F6FB1E}.Release|iPhoneSimulator.Build.0 = Release|Any CPU
		{91AFBF0B-71F6-4DB5-BBD1-EF8124F6FB1E}.Release|x64.ActiveCfg = Release|Any CPU
		{91AFBF0B-71F6-4DB5-BBD1-EF8124F6FB1E}.Release|x64.Build.0 = Release|Any CPU
		{91AFBF0B-71F6-4DB5-BBD1-EF8124F6FB1E}.Release|x86.ActiveCfg = Release|Any CPU
		{91AFBF0B-71F6-4DB5-BBD1-EF8124F6FB1E}.Release|x86.Build.0 = Release|Any CPU
		{B5F2CEA6-BF1B-4C8D-8B2E-AFC48D92E72A}.Debug|Any CPU.ActiveCfg = Debug|Any CPU
		{B5F2CEA6-BF1B-4C8D-8B2E-AFC48D92E72A}.Debug|Any CPU.Build.0 = Debug|Any CPU
		{B5F2CEA6-BF1B-4C8D-8B2E-AFC48D92E72A}.Debug|ARM.ActiveCfg = Debug|Any CPU
		{B5F2CEA6-BF1B-4C8D-8B2E-AFC48D92E72A}.Debug|ARM.Build.0 = Debug|Any CPU
		{B5F2CEA6-BF1B-4C8D-8B2E-AFC48D92E72A}.Debug|ARM64.ActiveCfg = Debug|Any CPU
		{B5F2CEA6-BF1B-4C8D-8B2E-AFC48D92E72A}.Debug|ARM64.Build.0 = Debug|Any CPU
		{B5F2CEA6-BF1B-4C8D-8B2E-AFC48D92E72A}.Debug|iPhone.ActiveCfg = Debug|Any CPU
		{B5F2CEA6-BF1B-4C8D-8B2E-AFC48D92E72A}.Debug|iPhone.Build.0 = Debug|Any CPU
		{B5F2CEA6-BF1B-4C8D-8B2E-AFC48D92E72A}.Debug|iPhoneSimulator.ActiveCfg = Debug|Any CPU
		{B5F2CEA6-BF1B-4C8D-8B2E-AFC48D92E72A}.Debug|iPhoneSimulator.Build.0 = Debug|Any CPU
		{B5F2CEA6-BF1B-4C8D-8B2E-AFC48D92E72A}.Debug|x64.ActiveCfg = Debug|Any CPU
		{B5F2CEA6-BF1B-4C8D-8B2E-AFC48D92E72A}.Debug|x64.Build.0 = Debug|Any CPU
		{B5F2CEA6-BF1B-4C8D-8B2E-AFC48D92E72A}.Debug|x86.ActiveCfg = Debug|Any CPU
		{B5F2CEA6-BF1B-4C8D-8B2E-AFC48D92E72A}.Debug|x86.Build.0 = Debug|Any CPU
		{B5F2CEA6-BF1B-4C8D-8B2E-AFC48D92E72A}.Release|Any CPU.ActiveCfg = Release|Any CPU
		{B5F2CEA6-BF1B-4C8D-8B2E-AFC48D92E72A}.Release|Any CPU.Build.0 = Release|Any CPU
		{B5F2CEA6-BF1B-4C8D-8B2E-AFC48D92E72A}.Release|ARM.ActiveCfg = Release|Any CPU
		{B5F2CEA6-BF1B-4C8D-8B2E-AFC48D92E72A}.Release|ARM.Build.0 = Release|Any CPU
		{B5F2CEA6-BF1B-4C8D-8B2E-AFC48D92E72A}.Release|ARM64.ActiveCfg = Release|Any CPU
		{B5F2CEA6-BF1B-4C8D-8B2E-AFC48D92E72A}.Release|ARM64.Build.0 = Release|Any CPU
		{B5F2CEA6-BF1B-4C8D-8B2E-AFC48D92E72A}.Release|iPhone.ActiveCfg = Release|Any CPU
		{B5F2CEA6-BF1B-4C8D-8B2E-AFC48D92E72A}.Release|iPhone.Build.0 = Release|Any CPU
		{B5F2CEA6-BF1B-4C8D-8B2E-AFC48D92E72A}.Release|iPhoneSimulator.ActiveCfg = Release|Any CPU
		{B5F2CEA6-BF1B-4C8D-8B2E-AFC48D92E72A}.Release|iPhoneSimulator.Build.0 = Release|Any CPU
		{B5F2CEA6-BF1B-4C8D-8B2E-AFC48D92E72A}.Release|x64.ActiveCfg = Release|Any CPU
		{B5F2CEA6-BF1B-4C8D-8B2E-AFC48D92E72A}.Release|x64.Build.0 = Release|Any CPU
		{B5F2CEA6-BF1B-4C8D-8B2E-AFC48D92E72A}.Release|x86.ActiveCfg = Release|Any CPU
		{B5F2CEA6-BF1B-4C8D-8B2E-AFC48D92E72A}.Release|x86.Build.0 = Release|Any CPU
		{A1A2A032-C355-47DC-B89E-9BDD961E2F02}.Debug|Any CPU.ActiveCfg = Debug|Any CPU
		{A1A2A032-C355-47DC-B89E-9BDD961E2F02}.Debug|Any CPU.Build.0 = Debug|Any CPU
		{A1A2A032-C355-47DC-B89E-9BDD961E2F02}.Debug|ARM.ActiveCfg = Debug|Any CPU
		{A1A2A032-C355-47DC-B89E-9BDD961E2F02}.Debug|ARM.Build.0 = Debug|Any CPU
		{A1A2A032-C355-47DC-B89E-9BDD961E2F02}.Debug|ARM64.ActiveCfg = Debug|Any CPU
		{A1A2A032-C355-47DC-B89E-9BDD961E2F02}.Debug|ARM64.Build.0 = Debug|Any CPU
		{A1A2A032-C355-47DC-B89E-9BDD961E2F02}.Debug|iPhone.ActiveCfg = Debug|Any CPU
		{A1A2A032-C355-47DC-B89E-9BDD961E2F02}.Debug|iPhone.Build.0 = Debug|Any CPU
		{A1A2A032-C355-47DC-B89E-9BDD961E2F02}.Debug|iPhoneSimulator.ActiveCfg = Debug|Any CPU
		{A1A2A032-C355-47DC-B89E-9BDD961E2F02}.Debug|iPhoneSimulator.Build.0 = Debug|Any CPU
		{A1A2A032-C355-47DC-B89E-9BDD961E2F02}.Debug|x64.ActiveCfg = Debug|Any CPU
		{A1A2A032-C355-47DC-B89E-9BDD961E2F02}.Debug|x64.Build.0 = Debug|Any CPU
		{A1A2A032-C355-47DC-B89E-9BDD961E2F02}.Debug|x86.ActiveCfg = Debug|Any CPU
		{A1A2A032-C355-47DC-B89E-9BDD961E2F02}.Debug|x86.Build.0 = Debug|Any CPU
		{A1A2A032-C355-47DC-B89E-9BDD961E2F02}.Release|Any CPU.ActiveCfg = Release|Any CPU
		{A1A2A032-C355-47DC-B89E-9BDD961E2F02}.Release|Any CPU.Build.0 = Release|Any CPU
		{A1A2A032-C355-47DC-B89E-9BDD961E2F02}.Release|ARM.ActiveCfg = Release|Any CPU
		{A1A2A032-C355-47DC-B89E-9BDD961E2F02}.Release|ARM.Build.0 = Release|Any CPU
		{A1A2A032-C355-47DC-B89E-9BDD961E2F02}.Release|ARM64.ActiveCfg = Release|Any CPU
		{A1A2A032-C355-47DC-B89E-9BDD961E2F02}.Release|ARM64.Build.0 = Release|Any CPU
		{A1A2A032-C355-47DC-B89E-9BDD961E2F02}.Release|iPhone.ActiveCfg = Release|Any CPU
		{A1A2A032-C355-47DC-B89E-9BDD961E2F02}.Release|iPhone.Build.0 = Release|Any CPU
		{A1A2A032-C355-47DC-B89E-9BDD961E2F02}.Release|iPhoneSimulator.ActiveCfg = Release|Any CPU
		{A1A2A032-C355-47DC-B89E-9BDD961E2F02}.Release|iPhoneSimulator.Build.0 = Release|Any CPU
		{A1A2A032-C355-47DC-B89E-9BDD961E2F02}.Release|x64.ActiveCfg = Release|Any CPU
		{A1A2A032-C355-47DC-B89E-9BDD961E2F02}.Release|x64.Build.0 = Release|Any CPU
		{A1A2A032-C355-47DC-B89E-9BDD961E2F02}.Release|x86.ActiveCfg = Release|Any CPU
		{A1A2A032-C355-47DC-B89E-9BDD961E2F02}.Release|x86.Build.0 = Release|Any CPU
		{CAD5ADBE-9AE6-4769-B9A9-2BDE46EF2B22}.Debug|Any CPU.ActiveCfg = Debug|Any CPU
		{CAD5ADBE-9AE6-4769-B9A9-2BDE46EF2B22}.Debug|Any CPU.Build.0 = Debug|Any CPU
		{CAD5ADBE-9AE6-4769-B9A9-2BDE46EF2B22}.Debug|ARM.ActiveCfg = Debug|Any CPU
		{CAD5ADBE-9AE6-4769-B9A9-2BDE46EF2B22}.Debug|ARM.Build.0 = Debug|Any CPU
		{CAD5ADBE-9AE6-4769-B9A9-2BDE46EF2B22}.Debug|ARM64.ActiveCfg = Debug|Any CPU
		{CAD5ADBE-9AE6-4769-B9A9-2BDE46EF2B22}.Debug|ARM64.Build.0 = Debug|Any CPU
		{CAD5ADBE-9AE6-4769-B9A9-2BDE46EF2B22}.Debug|iPhone.ActiveCfg = Debug|Any CPU
		{CAD5ADBE-9AE6-4769-B9A9-2BDE46EF2B22}.Debug|iPhone.Build.0 = Debug|Any CPU
		{CAD5ADBE-9AE6-4769-B9A9-2BDE46EF2B22}.Debug|iPhoneSimulator.ActiveCfg = Debug|Any CPU
		{CAD5ADBE-9AE6-4769-B9A9-2BDE46EF2B22}.Debug|iPhoneSimulator.Build.0 = Debug|Any CPU
		{CAD5ADBE-9AE6-4769-B9A9-2BDE46EF2B22}.Debug|x64.ActiveCfg = Debug|Any CPU
		{CAD5ADBE-9AE6-4769-B9A9-2BDE46EF2B22}.Debug|x64.Build.0 = Debug|Any CPU
		{CAD5ADBE-9AE6-4769-B9A9-2BDE46EF2B22}.Debug|x86.ActiveCfg = Debug|Any CPU
		{CAD5ADBE-9AE6-4769-B9A9-2BDE46EF2B22}.Debug|x86.Build.0 = Debug|Any CPU
		{CAD5ADBE-9AE6-4769-B9A9-2BDE46EF2B22}.Release|Any CPU.ActiveCfg = Release|Any CPU
		{CAD5ADBE-9AE6-4769-B9A9-2BDE46EF2B22}.Release|Any CPU.Build.0 = Release|Any CPU
		{CAD5ADBE-9AE6-4769-B9A9-2BDE46EF2B22}.Release|ARM.ActiveCfg = Release|Any CPU
		{CAD5ADBE-9AE6-4769-B9A9-2BDE46EF2B22}.Release|ARM.Build.0 = Release|Any CPU
		{CAD5ADBE-9AE6-4769-B9A9-2BDE46EF2B22}.Release|ARM64.ActiveCfg = Release|Any CPU
		{CAD5ADBE-9AE6-4769-B9A9-2BDE46EF2B22}.Release|ARM64.Build.0 = Release|Any CPU
		{CAD5ADBE-9AE6-4769-B9A9-2BDE46EF2B22}.Release|iPhone.ActiveCfg = Release|Any CPU
		{CAD5ADBE-9AE6-4769-B9A9-2BDE46EF2B22}.Release|iPhone.Build.0 = Release|Any CPU
		{CAD5ADBE-9AE6-4769-B9A9-2BDE46EF2B22}.Release|iPhoneSimulator.ActiveCfg = Release|Any CPU
		{CAD5ADBE-9AE6-4769-B9A9-2BDE46EF2B22}.Release|iPhoneSimulator.Build.0 = Release|Any CPU
		{CAD5ADBE-9AE6-4769-B9A9-2BDE46EF2B22}.Release|x64.ActiveCfg = Release|Any CPU
		{CAD5ADBE-9AE6-4769-B9A9-2BDE46EF2B22}.Release|x64.Build.0 = Release|Any CPU
		{CAD5ADBE-9AE6-4769-B9A9-2BDE46EF2B22}.Release|x86.ActiveCfg = Release|Any CPU
		{CAD5ADBE-9AE6-4769-B9A9-2BDE46EF2B22}.Release|x86.Build.0 = Release|Any CPU
		{476A61EF-4B72-4F07-96C2-89D6E4013E8D}.Debug|Any CPU.ActiveCfg = Debug|Any CPU
		{476A61EF-4B72-4F07-96C2-89D6E4013E8D}.Debug|Any CPU.Build.0 = Debug|Any CPU
		{476A61EF-4B72-4F07-96C2-89D6E4013E8D}.Debug|ARM.ActiveCfg = Debug|Any CPU
		{476A61EF-4B72-4F07-96C2-89D6E4013E8D}.Debug|ARM.Build.0 = Debug|Any CPU
		{476A61EF-4B72-4F07-96C2-89D6E4013E8D}.Debug|ARM64.ActiveCfg = Debug|Any CPU
		{476A61EF-4B72-4F07-96C2-89D6E4013E8D}.Debug|ARM64.Build.0 = Debug|Any CPU
		{476A61EF-4B72-4F07-96C2-89D6E4013E8D}.Debug|iPhone.ActiveCfg = Debug|Any CPU
		{476A61EF-4B72-4F07-96C2-89D6E4013E8D}.Debug|iPhone.Build.0 = Debug|Any CPU
		{476A61EF-4B72-4F07-96C2-89D6E4013E8D}.Debug|iPhoneSimulator.ActiveCfg = Debug|Any CPU
		{476A61EF-4B72-4F07-96C2-89D6E4013E8D}.Debug|iPhoneSimulator.Build.0 = Debug|Any CPU
		{476A61EF-4B72-4F07-96C2-89D6E4013E8D}.Debug|x64.ActiveCfg = Debug|Any CPU
		{476A61EF-4B72-4F07-96C2-89D6E4013E8D}.Debug|x64.Build.0 = Debug|Any CPU
		{476A61EF-4B72-4F07-96C2-89D6E4013E8D}.Debug|x86.ActiveCfg = Debug|Any CPU
		{476A61EF-4B72-4F07-96C2-89D6E4013E8D}.Debug|x86.Build.0 = Debug|Any CPU
		{476A61EF-4B72-4F07-96C2-89D6E4013E8D}.Release|Any CPU.ActiveCfg = Release|Any CPU
		{476A61EF-4B72-4F07-96C2-89D6E4013E8D}.Release|Any CPU.Build.0 = Release|Any CPU
		{476A61EF-4B72-4F07-96C2-89D6E4013E8D}.Release|ARM.ActiveCfg = Release|Any CPU
		{476A61EF-4B72-4F07-96C2-89D6E4013E8D}.Release|ARM.Build.0 = Release|Any CPU
		{476A61EF-4B72-4F07-96C2-89D6E4013E8D}.Release|ARM64.ActiveCfg = Release|Any CPU
		{476A61EF-4B72-4F07-96C2-89D6E4013E8D}.Release|ARM64.Build.0 = Release|Any CPU
		{476A61EF-4B72-4F07-96C2-89D6E4013E8D}.Release|iPhone.ActiveCfg = Release|Any CPU
		{476A61EF-4B72-4F07-96C2-89D6E4013E8D}.Release|iPhone.Build.0 = Release|Any CPU
		{476A61EF-4B72-4F07-96C2-89D6E4013E8D}.Release|iPhoneSimulator.ActiveCfg = Release|Any CPU
		{476A61EF-4B72-4F07-96C2-89D6E4013E8D}.Release|iPhoneSimulator.Build.0 = Release|Any CPU
		{476A61EF-4B72-4F07-96C2-89D6E4013E8D}.Release|x64.ActiveCfg = Release|Any CPU
		{476A61EF-4B72-4F07-96C2-89D6E4013E8D}.Release|x64.Build.0 = Release|Any CPU
		{476A61EF-4B72-4F07-96C2-89D6E4013E8D}.Release|x86.ActiveCfg = Release|Any CPU
		{476A61EF-4B72-4F07-96C2-89D6E4013E8D}.Release|x86.Build.0 = Release|Any CPU
	EndGlobalSection
	GlobalSection(SolutionProperties) = preSolution
		HideSolutionNode = FALSE
	EndGlobalSection
	GlobalSection(NestedProjects) = preSolution
		{C7E34642-BCC1-4675-866A-B7CB7D46C792} = {29694FBB-3845-44D9-B534-CDDC1F945161}
		{A7006552-75EB-4BA0-A343-E96BB555AF9D} = {29694FBB-3845-44D9-B534-CDDC1F945161}
		{C9A11812-C28B-4E5F-BD92-5C427FE0E7BE} = {29694FBB-3845-44D9-B534-CDDC1F945161}
		{29694FBB-3845-44D9-B534-CDDC1F945161} = {CEA68C99-924D-4F09-9D36-4162005A54F9}
		{6FBEEB4D-7AFB-4827-85B7-E9C49031D402} = {B2B9DD58-6D5C-4DEE-B6CE-9A879106AC88}
		{3615FFDE-92CE-43AA-8CBD-4CB086B1C838} = {CEA68C99-924D-4F09-9D36-4162005A54F9}
		{265B0F4C-CE86-44D5-B642-EBC4D399B4C5} = {E8D0648C-78E6-433A-B46A-301A37766A07}
		{7C8B852E-98D9-42D6-8981-25C963316EFC} = {CEA68C99-924D-4F09-9D36-4162005A54F9}
		{7E398360-22B5-4878-AF40-5C76D99CF4BC} = {7C8B852E-98D9-42D6-8981-25C963316EFC}
		{91AFBF0B-71F6-4DB5-BBD1-EF8124F6FB1E} = {7C8B852E-98D9-42D6-8981-25C963316EFC}
		{B2B9DD58-6D5C-4DEE-B6CE-9A879106AC88} = {CEA68C99-924D-4F09-9D36-4162005A54F9}
		{B5F2CEA6-BF1B-4C8D-8B2E-AFC48D92E72A} = {B2B9DD58-6D5C-4DEE-B6CE-9A879106AC88}
		{A1A2A032-C355-47DC-B89E-9BDD961E2F02} = {7C8B852E-98D9-42D6-8981-25C963316EFC}
		{CAD5ADBE-9AE6-4769-B9A9-2BDE46EF2B22} = {A0B17B66-A69E-4DCD-B8A5-14725D375080}
		{476A61EF-4B72-4F07-96C2-89D6E4013E8D} = {29694FBB-3845-44D9-B534-CDDC1F945161}
	EndGlobalSection
	GlobalSection(ExtensibilityGlobals) = postSolution
		SolutionGuid = {7599A364-ABAA-43FC-8282-CF0A34615F64}
	EndGlobalSection
EndGlobal
